
Microsoft Visual Studio Solution File, Format Version 12.00
# Visual Studio 15
VisualStudioVersion = 15.0.27428.2005
MinimumVisualStudioVersion = 10.0.40219.1
Project("{FAE04EC0-301F-11D3-BF4B-00C04F79EFBC}") = "GenericsExample", "GenericsExample\GenericsExample.csproj", "{A09F7F43-4E7A-4875-88FB-2F899544DA9C}"
EndProject
Global
	GlobalSection(SolutionConfigurationPlatforms) = preSolution
		Debug|Any CPU = Debug|Any CPU
		Release|Any CPU = Release|Any CPU
	EndGlobalSection
	GlobalSection(ProjectConfigurationPlatforms) = postSolution
		{A09F7F43-4E7A-4875-88FB-2F899544DA9C}.Debug|Any CPU.ActiveCfg = Debug|Any CPU
		{A09F7F43-4E7A-4875-88FB-2F899544DA9C}.Debug|Any CPU.Build.0 = Debug|Any CPU
		{A09F7F43-4E7A-4875-88FB-2F899544DA9C}.Release|Any CPU.ActiveCfg = Release|Any CPU
		{A09F7F43-4E7A-4875-88FB-2F899544DA9C}.Release|Any CPU.Build.0 = Release|Any CPU
	EndGlobalSection
	GlobalSection(SolutionProperties) = preSolution
		HideSolutionNode = FALSE
	EndGlobalSection
	GlobalSection(ExtensibilityGlobals) = postSolution
		SolutionGuid = {808D0257-4DC9-4CEB-BD03-C40F92531257}
	EndGlobalSection
EndGlobal
